
Microsoft Visual Studio Solution File, Format Version 12.00
# Visual Studio Version 16
VisualStudioVersion = 16.0.29025.244
MinimumVisualStudioVersion = 10.0.40219.1
Project("{8BC9CEB8-8B4A-11D0-8D11-00A0C91BC942}") = "usbip_vhci", "driver\vhci\usbip_vhci.vcxproj", "{F35A874E-E790-44B5-9C14-749C8854A0C4}"
EndProject
Project("{8BC9CEB8-8B4A-11D0-8D11-00A0C91BC942}") = "usbip_common", "userspace\lib\usbip_common.vcxproj", "{2C173853-88C0-4334-85BF-0B46CFD5A007}"
EndProject
Project("{8BC9CEB8-8B4A-11D0-8D11-00A0C91BC942}") = "usbip", "userspace\src\usbip\usbip.vcxproj", "{36CEE68D-D6CF-4413-978C-794488F44555}"
EndProject
Project("{8BC9CEB8-8B4A-11D0-8D11-00A0C91BC942}") = "usbipd", "userspace\src\usbipd\usbipd.vcxproj", "{0C5C92AA-37F0-4521-86EA-76F32B43E7B4}"
EndProject
Project("{8BC9CEB8-8B4A-11D0-8D11-00A0C91BC942}") = "usbip_stub", "driver\stub\usbip_stub.vcxproj", "{08230AFF-8015-437B-9DF1-AF8D0112DF59}"
EndProject
Project("{8BC9CEB8-8B4A-11D0-8D11-00A0C91BC942}") = "libdrv", "driver\lib\libdrv.vcxproj", "{27AB4325-4980-4634-9818-AE6BD61DE532}"
EndProject
Project("{8BC9CEB8-8B4A-11D0-8D11-00A0C91BC942}") = "usbip_vhci_ude", "driver\vhci_ude\usbip_vhci_ude.vcxproj", "{27D5F152-C29D-4C5C-A65C-78ABEE57BAEA}"
EndProject
Project("{8BC9CEB8-8B4A-11D0-8D11-00A0C91BC942}") = "attacher", "userspace\src\attacher\attacher.vcxproj", "{C059278A-86F7-4263-8B71-9BF15949A994}"
EndProject
Global
	GlobalSection(SolutionConfigurationPlatforms) = preSolution
		Debug|x64 = Debug|x64
		Debug|x86 = Debug|x86
		Release|x64 = Release|x64
		Release|x86 = Release|x86
	EndGlobalSection
	GlobalSection(ProjectConfigurationPlatforms) = postSolution
		{F35A874E-E790-44B5-9C14-749C8854A0C4}.Debug|x64.ActiveCfg = Debug|x64
		{F35A874E-E790-44B5-9C14-749C8854A0C4}.Debug|x64.Build.0 = Debug|x64
		{F35A874E-E790-44B5-9C14-749C8854A0C4}.Debug|x64.Deploy.0 = Debug|x64
		{F35A874E-E790-44B5-9C14-749C8854A0C4}.Debug|x86.ActiveCfg = Debug|Win32
		{F35A874E-E790-44B5-9C14-749C8854A0C4}.Debug|x86.Build.0 = Debug|Win32
		{F35A874E-E790-44B5-9C14-749C8854A0C4}.Debug|x86.Deploy.0 = Debug|Win32
		{F35A874E-E790-44B5-9C14-749C8854A0C4}.Release|x64.ActiveCfg = Release|x64
		{F35A874E-E790-44B5-9C14-749C8854A0C4}.Release|x64.Build.0 = Release|x64
		{F35A874E-E790-44B5-9C14-749C8854A0C4}.Release|x64.Deploy.0 = Release|x64
		{F35A874E-E790-44B5-9C14-749C8854A0C4}.Release|x86.ActiveCfg = Release|Win32
		{F35A874E-E790-44B5-9C14-749C8854A0C4}.Release|x86.Build.0 = Release|Win32
		{F35A874E-E790-44B5-9C14-749C8854A0C4}.Release|x86.Deploy.0 = Release|Win32
		{2C173853-88C0-4334-85BF-0B46CFD5A007}.Debug|x64.ActiveCfg = Debug|x64
		{2C173853-88C0-4334-85BF-0B46CFD5A007}.Debug|x64.Build.0 = Debug|x64
		{2C173853-88C0-4334-85BF-0B46CFD5A007}.Debug|x86.ActiveCfg = Debug|Win32
		{2C173853-88C0-4334-85BF-0B46CFD5A007}.Debug|x86.Build.0 = Debug|Win32
		{2C173853-88C0-4334-85BF-0B46CFD5A007}.Release|x64.ActiveCfg = Release|x64
		{2C173853-88C0-4334-85BF-0B46CFD5A007}.Release|x64.Build.0 = Release|x64
		{2C173853-88C0-4334-85BF-0B46CFD5A007}.Release|x86.ActiveCfg = Release|Win32
		{2C173853-88C0-4334-85BF-0B46CFD5A007}.Release|x86.Build.0 = Release|Win32
		{36CEE68D-D6CF-4413-978C-794488F44555}.Debug|x64.ActiveCfg = Debug|x64
		{36CEE68D-D6CF-4413-978C-794488F44555}.Debug|x64.Build.0 = Debug|x64
		{36CEE68D-D6CF-4413-978C-794488F44555}.Debug|x86.ActiveCfg = Debug|Win32
		{36CEE68D-D6CF-4413-978C-794488F44555}.Debug|x86.Build.0 = Debug|Win32
		{36CEE68D-D6CF-4413-978C-794488F44555}.Release|x64.ActiveCfg = Release|x64
		{36CEE68D-D6CF-4413-978C-794488F44555}.Release|x64.Build.0 = Release|x64
		{36CEE68D-D6CF-4413-978C-794488F44555}.Release|x86.ActiveCfg = Release|Win32
		{36CEE68D-D6CF-4413-978C-794488F44555}.Release|x86.Build.0 = Release|Win32
		{0C5C92AA-37F0-4521-86EA-76F32B43E7B4}.Debug|x64.ActiveCfg = Debug|x64
		{0C5C92AA-37F0-4521-86EA-76F32B43E7B4}.Debug|x64.Build.0 = Debug|x64
		{0C5C92AA-37F0-4521-86EA-76F32B43E7B4}.Debug|x86.ActiveCfg = Debug|Win32
		{0C5C92AA-37F0-4521-86EA-76F32B43E7B4}.Debug|x86.Build.0 = Debug|Win32
		{0C5C92AA-37F0-4521-86EA-76F32B43E7B4}.Release|x64.ActiveCfg = Release|x64
		{0C5C92AA-37F0-4521-86EA-76F32B43E7B4}.Release|x64.Build.0 = Release|x64
		{0C5C92AA-37F0-4521-86EA-76F32B43E7B4}.Release|x86.ActiveCfg = Release|Win32
		{0C5C92AA-37F0-4521-86EA-76F32B43E7B4}.Release|x86.Build.0 = Release|Win32
		{08230AFF-8015-437B-9DF1-AF8D0112DF59}.Debug|x64.ActiveCfg = Debug|x64
		{08230AFF-8015-437B-9DF1-AF8D0112DF59}.Debug|x64.Build.0 = Debug|x64
		{08230AFF-8015-437B-9DF1-AF8D0112DF59}.Debug|x64.Deploy.0 = Debug|x64
		{08230AFF-8015-437B-9DF1-AF8D0112DF59}.Debug|x86.ActiveCfg = Debug|Win32
		{08230AFF-8015-437B-9DF1-AF8D0112DF59}.Debug|x86.Build.0 = Debug|Win32
		{08230AFF-8015-437B-9DF1-AF8D0112DF59}.Debug|x86.Deploy.0 = Debug|Win32
		{08230AFF-8015-437B-9DF1-AF8D0112DF59}.Release|x64.ActiveCfg = Release|x64
		{08230AFF-8015-437B-9DF1-AF8D0112DF59}.Release|x64.Build.0 = Release|x64
		{08230AFF-8015-437B-9DF1-AF8D0112DF59}.Release|x64.Deploy.0 = Release|x64
		{08230AFF-8015-437B-9DF1-AF8D0112DF59}.Release|x86.ActiveCfg = Release|Win32
		{08230AFF-8015-437B-9DF1-AF8D0112DF59}.Release|x86.Build.0 = Release|Win32
		{08230AFF-8015-437B-9DF1-AF8D0112DF59}.Release|x86.Deploy.0 = Release|Win32
		{27AB4325-4980-4634-9818-AE6BD61DE532}.Debug|x64.ActiveCfg = Debug|x64
		{27AB4325-4980-4634-9818-AE6BD61DE532}.Debug|x64.Build.0 = Debug|x64
		{27AB4325-4980-4634-9818-AE6BD61DE532}.Debug|x64.Deploy.0 = Debug|x64
		{27AB4325-4980-4634-9818-AE6BD61DE532}.Debug|x86.ActiveCfg = Debug|Win32
		{27AB4325-4980-4634-9818-AE6BD61DE532}.Debug|x86.Build.0 = Debug|Win32
		{27AB4325-4980-4634-9818-AE6BD61DE532}.Debug|x86.Deploy.0 = Debug|Win32
		{27AB4325-4980-4634-9818-AE6BD61DE532}.Release|x64.ActiveCfg = Release|x64
		{27AB4325-4980-4634-9818-AE6BD61DE532}.Release|x64.Build.0 = Release|x64
		{27AB4325-4980-4634-9818-AE6BD61DE532}.Release|x64.Deploy.0 = Release|x64
		{27AB4325-4980-4634-9818-AE6BD61DE532}.Release|x86.ActiveCfg = Release|Win32
		{27AB4325-4980-4634-9818-AE6BD61DE532}.Release|x86.Build.0 = Release|Win32
		{27AB4325-4980-4634-9818-AE6BD61DE532}.Release|x86.Deploy.0 = Release|Win32
		{27D5F152-C29D-4C5C-A65C-78ABEE57BAEA}.Debug|x64.ActiveCfg = Debug|x64
		{27D5F152-C29D-4C5C-A65C-78ABEE57BAEA}.Debug|x64.Build.0 = Debug|x64
		{27D5F152-C29D-4C5C-A65C-78ABEE57BAEA}.Debug|x64.Deploy.0 = Debug|x64
		{27D5F152-C29D-4C5C-A65C-78ABEE57BAEA}.Debug|x86.ActiveCfg = Debug|Win32
		{27D5F152-C29D-4C5C-A65C-78ABEE57BAEA}.Debug|x86.Build.0 = Debug|Win32
		{27D5F152-C29D-4C5C-A65C-78ABEE57BAEA}.Debug|x86.Deploy.0 = Debug|Win32
		{27D5F152-C29D-4C5C-A65C-78ABEE57BAEA}.Release|x64.ActiveCfg = Release|x64
		{27D5F152-C29D-4C5C-A65C-78ABEE57BAEA}.Release|x64.Build.0 = Release|x64
		{27D5F152-C29D-4C5C-A65C-78ABEE57BAEA}.Release|x64.Deploy.0 = Release|x64
		{27D5F152-C29D-4C5C-A65C-78ABEE57BAEA}.Release|x86.ActiveCfg = Release|Win32
		{27D5F152-C29D-4C5C-A65C-78ABEE57BAEA}.Release|x86.Build.0 = Release|Win32
		{27D5F152-C29D-4C5C-A65C-78ABEE57BAEA}.Release|x86.Deploy.0 = Release|Win32
		{C059278A-86F7-4263-8B71-9BF15949A994}.Debug|x64.ActiveCfg = Debug|x64
		{C059278A-86F7-4263-8B71-9BF15949A994}.Debug|x64.Build.0 = Debug|x64
		{C059278A-86F7-4263-8B71-9BF15949A994}.Debug|x86.ActiveCfg = Debug|Win32
		{C059278A-86F7-4263-8B71-9BF15949A994}.Debug|x86.Build.0 = Debug|Win32
		{C059278A-86F7-4263-8B71-9BF15949A994}.Release|x64.ActiveCfg = Release|x64
		{C059278A-86F7-4263-8B71-9BF15949A994}.Release|x64.Build.0 = Release|x64
		{C059278A-86F7-4263-8B71-9BF15949A994}.Release|x86.ActiveCfg = Release|Win32
		{C059278A-86F7-4263-8B71-9BF15949A994}.Release|x86.Build.0 = Release|Win32
	EndGlobalSection
	GlobalSection(SolutionProperties) = preSolution
		HideSolutionNode = FALSE
	EndGlobalSection
	GlobalSection(ExtensibilityGlobals) = postSolution
		SolutionGuid = {FE601D51-AE24-467D-AE6A-0B2CA0E729A0}
	EndGlobalSection
EndGlobal
